
Microsoft Visual Studio Solution File, Format Version 12.00
# Visual Studio Version 16
VisualStudioVersion = 16.0.31112.23
MinimumVisualStudioVersion = 10.0.40219.1
Project("{9A19103F-16F7-4668-BE54-9A1E7A4F7556}") = "Calculator", "Calculator\Calculator.csproj", "{04673281-7947-4D32-BB7E-A4B9B024890B}"
EndProject
Project("{9A19103F-16F7-4668-BE54-9A1E7A4F7556}") = "Calculator.BusinessLogic", "Calculator.BusinessLogic\Calculator.BusinessLogic.csproj", "{96383FF5-6DE0-4560-AF31-17861ACBAA6E}"
EndProject
Project("{FAE04EC0-301F-11D3-BF4B-00C04F79EFBC}") = "Calculator.BusinessLogic.Tests", "Calculator.BusinessLogic.Tests\Calculator.BusinessLogic.Tests.csproj", "{8E87EC51-378F-4FE8-AA28-8F47503EC98E}"
EndProject
Global
	GlobalSection(SolutionConfigurationPlatforms) = preSolution
		Debug|Any CPU = Debug|Any CPU
		Release|Any CPU = Release|Any CPU
	EndGlobalSection
	GlobalSection(ProjectConfigurationPlatforms) = postSolution
		{04673281-7947-4D32-BB7E-A4B9B024890B}.Debug|Any CPU.ActiveCfg = Debug|Any CPU
		{04673281-7947-4D32-BB7E-A4B9B024890B}.Debug|Any CPU.Build.0 = Debug|Any CPU
		{04673281-7947-4D32-BB7E-A4B9B024890B}.Release|Any CPU.ActiveCfg = Release|Any CPU
		{04673281-7947-4D32-BB7E-A4B9B024890B}.Release|Any CPU.Build.0 = Release|Any CPU
		{96383FF5-6DE0-4560-AF31-17861ACBAA6E}.Debug|Any CPU.ActiveCfg = Debug|Any CPU
		{96383FF5-6DE0-4560-AF31-17861ACBAA6E}.Debug|Any CPU.Build.0 = Debug|Any CPU
		{96383FF5-6DE0-4560-AF31-17861ACBAA6E}.Release|Any CPU.ActiveCfg = Release|Any CPU
		{96383FF5-6DE0-4560-AF31-17861ACBAA6E}.Release|Any CPU.Build.0 = Release|Any CPU
		{8E87EC51-378F-4FE8-AA28-8F47503EC98E}.Debug|Any CPU.ActiveCfg = Debug|Any CPU
		{8E87EC51-378F-4FE8-AA28-8F47503EC98E}.Debug|Any CPU.Build.0 = Debug|Any CPU
		{8E87EC51-378F-4FE8-AA28-8F47503EC98E}.Release|Any CPU.ActiveCfg = Release|Any CPU
		{8E87EC51-378F-4FE8-AA28-8F47503EC98E}.Release|Any CPU.Build.0 = Release|Any CPU
	EndGlobalSection
	GlobalSection(SolutionProperties) = preSolution
		HideSolutionNode = FALSE
	EndGlobalSection
	GlobalSection(ExtensibilityGlobals) = postSolution
		SolutionGuid = {B2CE9990-2372-473F-8915-F6BF14D86D7E}
	EndGlobalSection
EndGlobal
